
Microsoft Visual Studio Solution File, Format Version 12.00
# Visual Studio Version 16
VisualStudioVersion = 16.0.30011.22
MinimumVisualStudioVersion = 10.0.40219.1
Project("{2150E333-8FDC-42A3-9474-1A3956D46DE8}") = "1.PRESENTATIONS", "1.PRESENTATIONS", "{2EA0DD7E-9F76-4AAD-B35B-E8B9CAB776BB}"
EndProject
Project("{2150E333-8FDC-42A3-9474-1A3956D46DE8}") = "2.APPLICATIONS", "2.APPLICATIONS", "{ECC3DB0A-1F72-4D77-98CD-5AE0B9326480}"
EndProject
Project("{2150E333-8FDC-42A3-9474-1A3956D46DE8}") = "3.DATA", "3.DATA", "{A24DFB22-1C96-4FB2-B71F-578C3DB3B196}"
EndProject
Project("{2150E333-8FDC-42A3-9474-1A3956D46DE8}") = "4.UTILITIES", "4.UTILITIES", "{F144E26B-A387-4559-9458-48352417D7EA}"
EndProject
Project("{FAE04EC0-301F-11D3-BF4B-00C04F79EFBC}") = "WFCrudPRESENTATION", "WFCrudPRESENTATION\WFCrudPRESENTATION.csproj", "{2437E2D8-80CC-4D2E-9C7A-15672E265218}"
EndProject
Project("{FAE04EC0-301F-11D3-BF4B-00C04F79EFBC}") = "LIBCrudAPPLICATIONS", "LIBCrudAPPLICATIONS\LIBCrudAPPLICATIONS.csproj", "{CEA31CD7-A07F-40AD-BB00-7B612AEA06B0}"
EndProject
Project("{FAE04EC0-301F-11D3-BF4B-00C04F79EFBC}") = "LIBCrudDATA", "LIBCrudDATA\LIBCrudDATA.csproj", "{40616B48-FFC9-4996-AC0F-0E0F14DF3549}"
EndProject
Project("{FAE04EC0-301F-11D3-BF4B-00C04F79EFBC}") = "LIBCrudREPOSITORIES", "LIBCrudREPOSITORIES\LIBCrudREPOSITORIES.csproj", "{887F5FFA-CFC1-4D75-BE4F-A2183C97A945}"
EndProject
Project("{FAE04EC0-301F-11D3-BF4B-00C04F79EFBC}") = "ASPCrudPRESENTATION", "ASPCrudPRESENTATION\ASPCrudPRESENTATION.csproj", "{6E95917D-7245-4D8A-8E7F-166BE7AB5804}"
EndProject
Global
	GlobalSection(SolutionConfigurationPlatforms) = preSolution
		Debug|Any CPU = Debug|Any CPU
		Release|Any CPU = Release|Any CPU
	EndGlobalSection
	GlobalSection(ProjectConfigurationPlatforms) = postSolution
		{2437E2D8-80CC-4D2E-9C7A-15672E265218}.Debug|Any CPU.ActiveCfg = Debug|Any CPU
		{2437E2D8-80CC-4D2E-9C7A-15672E265218}.Debug|Any CPU.Build.0 = Debug|Any CPU
		{2437E2D8-80CC-4D2E-9C7A-15672E265218}.Release|Any CPU.ActiveCfg = Release|Any CPU
		{2437E2D8-80CC-4D2E-9C7A-15672E265218}.Release|Any CPU.Build.0 = Release|Any CPU
		{CEA31CD7-A07F-40AD-BB00-7B612AEA06B0}.Debug|Any CPU.ActiveCfg = Debug|Any CPU
		{CEA31CD7-A07F-40AD-BB00-7B612AEA06B0}.Debug|Any CPU.Build.0 = Debug|Any CPU
		{CEA31CD7-A07F-40AD-BB00-7B612AEA06B0}.Release|Any CPU.ActiveCfg = Release|Any CPU
		{CEA31CD7-A07F-40AD-BB00-7B612AEA06B0}.Release|Any CPU.Build.0 = Release|Any CPU
		{40616B48-FFC9-4996-AC0F-0E0F14DF3549}.Debug|Any CPU.ActiveCfg = Debug|Any CPU
		{40616B48-FFC9-4996-AC0F-0E0F14DF3549}.Debug|Any CPU.Build.0 = Debug|Any CPU
		{40616B48-FFC9-4996-AC0F-0E0F14DF3549}.Release|Any CPU.ActiveCfg = Release|Any CPU
		{40616B48-FFC9-4996-AC0F-0E0F14DF3549}.Release|Any CPU.Build.0 = Release|Any CPU
		{887F5FFA-CFC1-4D75-BE4F-A2183C97A945}.Debug|Any CPU.ActiveCfg = Debug|Any CPU
		{887F5FFA-CFC1-4D75-BE4F-A2183C97A945}.Debug|Any CPU.Build.0 = Debug|Any CPU
		{887F5FFA-CFC1-4D75-BE4F-A2183C97A945}.Release|Any CPU.ActiveCfg = Release|Any CPU
		{887F5FFA-CFC1-4D75-BE4F-A2183C97A945}.Release|Any CPU.Build.0 = Release|Any CPU
		{6E95917D-7245-4D8A-8E7F-166BE7AB5804}.Debug|Any CPU.ActiveCfg = Debug|Any CPU
		{6E95917D-7245-4D8A-8E7F-166BE7AB5804}.Debug|Any CPU.Build.0 = Debug|Any CPU
		{6E95917D-7245-4D8A-8E7F-166BE7AB5804}.Release|Any CPU.ActiveCfg = Release|Any CPU
		{6E95917D-7245-4D8A-8E7F-166BE7AB5804}.Release|Any CPU.Build.0 = Release|Any CPU
	EndGlobalSection
	GlobalSection(SolutionProperties) = preSolution
		HideSolutionNode = FALSE
	EndGlobalSection
	GlobalSection(NestedProjects) = preSolution
		{2437E2D8-80CC-4D2E-9C7A-15672E265218} = {2EA0DD7E-9F76-4AAD-B35B-E8B9CAB776BB}
		{CEA31CD7-A07F-40AD-BB00-7B612AEA06B0} = {ECC3DB0A-1F72-4D77-98CD-5AE0B9326480}
		{40616B48-FFC9-4996-AC0F-0E0F14DF3549} = {A24DFB22-1C96-4FB2-B71F-578C3DB3B196}
		{887F5FFA-CFC1-4D75-BE4F-A2183C97A945} = {F144E26B-A387-4559-9458-48352417D7EA}
		{6E95917D-7245-4D8A-8E7F-166BE7AB5804} = {2EA0DD7E-9F76-4AAD-B35B-E8B9CAB776BB}
	EndGlobalSection
	GlobalSection(ExtensibilityGlobals) = postSolution
		SolutionGuid = {2EB2693A-580F-4E5C-BDEF-59564D5836A0}
	EndGlobalSection
EndGlobal
